// !$*UTF8*$!
{
	archiveVersion = 1;
	classes = {
	};
	objectVersion = 56;
	objects = {

/* Begin PBXBuildFile section */
		D94D294C2AD2B78C00966D13 /* montraApp.swift in Sources */ = {isa = PBXBuildFile; fileRef = D94D294B2AD2B78C00966D13 /* montraApp.swift */; };
		D94D294E2AD2B78C00966D13 /* SplashScreen.swift in Sources */ = {isa = PBXBuildFile; fileRef = D94D294D2AD2B78C00966D13 /* SplashScreen.swift */; };
		D94D29502AD2B78E00966D13 /* Assets.xcassets in Resources */ = {isa = PBXBuildFile; fileRef = D94D294F2AD2B78E00966D13 /* Assets.xcassets */; };
		D94D29532AD2B78E00966D13 /* Preview Assets.xcassets in Resources */ = {isa = PBXBuildFile; fileRef = D94D29522AD2B78E00966D13 /* Preview Assets.xcassets */; };
		D94D295B2AD2B83600966D13 /* Realm in Frameworks */ = {isa = PBXBuildFile; productRef = D94D295A2AD2B83600966D13 /* Realm */; };
		D94D295D2AD2B83600966D13 /* RealmSwift in Frameworks */ = {isa = PBXBuildFile; productRef = D94D295C2AD2B83600966D13 /* RealmSwift */; };
		D94D29602AD2B88600966D13 /* Alamofire in Frameworks */ = {isa = PBXBuildFile; productRef = D94D295F2AD2B88600966D13 /* Alamofire */; };
		D94D296E2AD2BD2D00966D13 /* Color.swift in Sources */ = {isa = PBXBuildFile; fileRef = D94D296D2AD2BD2D00966D13 /* Color.swift */; };
/* End PBXBuildFile section */

/* Begin PBXFileReference section */
		D94D29482AD2B78C00966D13 /* montra.app */ = {isa = PBXFileReference; explicitFileType = wrapper.application; includeInIndex = 0; path = montra.app; sourceTree = BUILT_PRODUCTS_DIR; };
		D94D294B2AD2B78C00966D13 /* montraApp.swift */ = {isa = PBXFileReference; lastKnownFileType = sourcecode.swift; path = montraApp.swift; sourceTree = "<group>"; };
		D94D294D2AD2B78C00966D13 /* SplashScreen.swift */ = {isa = PBXFileReference; lastKnownFileType = sourcecode.swift; path = SplashScreen.swift; sourceTree = "<group>"; };
		D94D294F2AD2B78E00966D13 /* Assets.xcassets */ = {isa = PBXFileReference; lastKnownFileType = folder.assetcatalog; path = Assets.xcassets; sourceTree = "<group>"; };
		D94D29522AD2B78E00966D13 /* Preview Assets.xcassets */ = {isa = PBXFileReference; lastKnownFileType = folder.assetcatalog; path = "Preview Assets.xcassets"; sourceTree = "<group>"; };
		D94D296D2AD2BD2D00966D13 /* Color.swift */ = {isa = PBXFileReference; lastKnownFileType = sourcecode.swift; path = Color.swift; sourceTree = "<group>"; };
/* End PBXFileReference section */

/* Begin PBXFrameworksBuildPhase section */
		D94D29452AD2B78C00966D13 /* Frameworks */ = {
			isa = PBXFrameworksBuildPhase;
			buildActionMask = 2147483647;
			files = (
				D94D29602AD2B88600966D13 /* Alamofire in Frameworks */,
				D94D295D2AD2B83600966D13 /* RealmSwift in Frameworks */,
				D94D295B2AD2B83600966D13 /* Realm in Frameworks */,
			);
			runOnlyForDeploymentPostprocessing = 0;
		};
/* End PBXFrameworksBuildPhase section */

/* Begin PBXGroup section */
		D94D293F2AD2B78C00966D13 = {
			isa = PBXGroup;
			children = (
				D94D294A2AD2B78C00966D13 /* montra */,
				D94D29492AD2B78C00966D13 /* Products */,
			);
			sourceTree = "<group>";
		};
		D94D29492AD2B78C00966D13 /* Products */ = {
			isa = PBXGroup;
			children = (
				D94D29482AD2B78C00966D13 /* montra.app */,
			);
			name = Products;
			sourceTree = "<group>";
		};
		D94D294A2AD2B78C00966D13 /* montra */ = {
			isa = PBXGroup;
			children = (
				D94D294B2AD2B78C00966D13 /* montraApp.swift */,
				D94D294D2AD2B78C00966D13 /* SplashScreen.swift */,
				D94D296C2AD2BD1B00966D13 /* Extensions */,
				D94D294F2AD2B78E00966D13 /* Assets.xcassets */,
				D94D29512AD2B78E00966D13 /* Preview Content */,
			);
			path = montra;
			sourceTree = "<group>";
		};
		D94D29512AD2B78E00966D13 /* Preview Content */ = {
			isa = PBXGroup;
			children = (
				D94D29522AD2B78E00966D13 /* Preview Assets.xcassets */,
			);
			path = "Preview Content";
			sourceTree = "<group>";
		};
		D94D296C2AD2BD1B00966D13 /* Extensions */ = {
			isa = PBXGroup;
			children = (
				D94D296D2AD2BD2D00966D13 /* Color.swift */,
			);
			path = Extensions;
			sourceTree = "<group>";
		};
/* End PBXGroup section */

/* Begin PBXNativeTarget section */
		D94D29472AD2B78C00966D13 /* montra */ = {
			isa = PBXNativeTarget;
			buildConfigurationList = D94D29562AD2B78E00966D13 /* Build configuration list for PBXNativeTarget "montra" */;
			buildPhases = (
				D94D29442AD2B78C00966D13 /* Sources */,
				D94D29452AD2B78C00966D13 /* Frameworks */,
				D94D29462AD2B78C00966D13 /* Resources */,
			);
			buildRules = (
			);
			dependencies = (
			);
			name = montra;
			packageProductDependencies = (
				D94D295A2AD2B83600966D13 /* Realm */,
				D94D295C2AD2B83600966D13 /* RealmSwift */,
				D94D295F2AD2B88600966D13 /* Alamofire */,
			);
			productName = montra;
			productReference = D94D29482AD2B78C00966D13 /* montra.app */;
			productType = "com.apple.product-type.application";
		};
/* End PBXNativeTarget section */

/* Begin PBXProject section */
		D94D29402AD2B78C00966D13 /* Project object */ = {
			isa = PBXProject;
			attributes = {
				BuildIndependentTargetsInParallel = 1;
				LastSwiftUpdateCheck = 1500;
				LastUpgradeCheck = 1500;
				TargetAttributes = {
					D94D29472AD2B78C00966D13 = {
						CreatedOnToolsVersion = 15.0;
					};
				};
			};
			buildConfigurationList = D94D29432AD2B78C00966D13 /* Build configuration list for PBXProject "montra" */;
			compatibilityVersion = "Xcode 14.0";
			developmentRegion = en;
			hasScannedForEncodings = 0;
			knownRegions = (
				en,
				Base,
			);
			mainGroup = D94D293F2AD2B78C00966D13;
			packageReferences = (
				D94D29592AD2B83600966D13 /* XCRemoteSwiftPackageReference "realm-swift" */,
				D94D295E2AD2B88600966D13 /* XCRemoteSwiftPackageReference "Alamofire" */,
			);
			productRefGroup = D94D29492AD2B78C00966D13 /* Products */;
			projectDirPath = "";
			projectRoot = "";
			targets = (
				D94D29472AD2B78C00966D13 /* montra */,
			);
		};
/* End PBXProject section */

/* Begin PBXResourcesBuildPhase section */
		D94D29462AD2B78C00966D13 /* Resources */ = {
			isa = PBXResourcesBuildPhase;
			buildActionMask = 2147483647;
			files = (
				D94D29532AD2B78E00966D13 /* Preview Assets.xcassets in Resources */,
				D94D29502AD2B78E00966D13 /* Assets.xcassets in Resources */,
			);
			runOnlyForDeploymentPostprocessing = 0;
		};
/* End PBXResourcesBuildPhase section */

/* Begin PBXSourcesBuildPhase section */
		D94D29442AD2B78C00966D13 /* Sources */ = {
			isa = PBXSourcesBuildPhase;
			buildActionMask = 2147483647;
			files = (
				D94D294E2AD2B78C00966D13 /* SplashScreen.swift in Sources */,
				D94D294C2AD2B78C00966D13 /* montraApp.swift in Sources */,
				D94D296E2AD2BD2D00966D13 /* Color.swift in Sources */,
			);
			runOnlyForDeploymentPostprocessing = 0;
		};
/* End PBXSourcesBuildPhase section */

/* Begin XCBuildConfiguration section */
		D94D29542AD2B78E00966D13 /* Debug */ = {
			isa = XCBuildConfiguration;
			buildSettings = {
				ALWAYS_SEARCH_USER_PATHS = NO;
				ASSETCATALOG_COMPILER_GENERATE_SWIFT_ASSET_SYMBOL_EXTENSIONS = YES;
				CLANG_ANALYZER_NONNULL = YES;
				CLANG_ANALYZER_NUMBER_OBJECT_CONVERSION = YES_AGGRESSIVE;
				CLANG_CXX_LANGUAGE_STANDARD = "gnu++20";
				CLANG_ENABLE_MODULES = YES;
				CLANG_ENABLE_OBJC_ARC = YES;
				CLANG_ENABLE_OBJC_WEAK = YES;
				CLANG_WARN_BLOCK_CAPTURE_AUTORELEASING = YES;
				CLANG_WARN_BOOL_CONVERSION = YES;
				CLANG_WARN_COMMA = YES;
				CLANG_WARN_CONSTANT_CONVERSION = YES;
				CLANG_WARN_DEPRECATED_OBJC_IMPLEMENTATIONS = YES;
				CLANG_WARN_DIRECT_OBJC_ISA_USAGE = YES_ERROR;
				CLANG_WARN_DOCUMENTATION_COMMENTS = YES;
				CLANG_WARN_EMPTY_BODY = YES;
				CLANG_WARN_ENUM_CONVERSION = YES;
				CLANG_WARN_INFINITE_RECURSION = YES;
				CLANG_WARN_INT_CONVERSION = YES;
				CLANG_WARN_NON_LITERAL_NULL_CONVERSION = YES;
				CLANG_WARN_OBJC_IMPLICIT_RETAIN_SELF = YES;
				CLANG_WARN_OBJC_LITERAL_CONVERSION = YES;
				CLANG_WARN_OBJC_ROOT_CLASS = YES_ERROR;
				CLANG_WARN_QUOTED_INCLUDE_IN_FRAMEWORK_HEADER = YES;
				CLANG_WARN_RANGE_LOOP_ANALYSIS = YES;
				CLANG_WARN_STRICT_PROTOTYPES = YES;
				CLANG_WARN_SUSPICIOUS_MOVE = YES;
				CLANG_WARN_UNGUARDED_AVAILABILITY = YES_AGGRESSIVE;
				CLANG_WARN_UNREACHABLE_CODE = YES;
				CLANG_WARN__DUPLICATE_METHOD_MATCH = YES;
				COPY_PHASE_STRIP = NO;
				DEBUG_INFORMATION_FORMAT = dwarf;
				ENABLE_STRICT_OBJC_MSGSEND = YES;
				ENABLE_TESTABILITY = YES;
				ENABLE_USER_SCRIPT_SANDBOXING = YES;
				GCC_C_LANGUAGE_STANDARD = gnu17;
				GCC_DYNAMIC_NO_PIC = NO;
				GCC_NO_COMMON_BLOCKS = YES;
				GCC_OPTIMIZATION_LEVEL = 0;
				GCC_PREPROCESSOR_DEFINITIONS = (
					"DEBUG=1",
					"$(inherited)",
				);
				GCC_WARN_64_TO_32_BIT_CONVERSION = YES;
				GCC_WARN_ABOUT_RETURN_TYPE = YES_ERROR;
				GCC_WARN_UNDECLARED_SELECTOR = YES;
				GCC_WARN_UNINITIALIZED_AUTOS = YES_AGGRESSIVE;
				GCC_WARN_UNUSED_FUNCTION = YES;
				GCC_WARN_UNUSED_VARIABLE = YES;
				IPHONEOS_DEPLOYMENT_TARGET = 17.0;
				LOCALIZATION_PREFERS_STRING_CATALOGS = YES;
				MTL_ENABLE_DEBUG_INFO = INCLUDE_SOURCE;
				MTL_FAST_MATH = YES;
				ONLY_ACTIVE_ARCH = YES;
				SDKROOT = iphoneos;
				SWIFT_ACTIVE_COMPILATION_CONDITIONS = "DEBUG $(inherited)";
				SWIFT_OPTIMIZATION_LEVEL = "-Onone";
			};
			name = Debug;
		};
		D94D29552AD2B78E00966D13 /* Release */ = {
			isa = XCBuildConfiguration;
			buildSettings = {
				ALWAYS_SEARCH_USER_PATHS = NO;
				ASSETCATALOG_COMPILER_GENERATE_SWIFT_ASSET_SYMBOL_EXTENSIONS = YES;
				CLANG_ANALYZER_NONNULL = YES;
				CLANG_ANALYZER_NUMBER_OBJECT_CONVERSION = YES_AGGRESSIVE;
				CLANG_CXX_LANGUAGE_STANDARD = "gnu++20";
				CLANG_ENABLE_MODULES = YES;
				CLANG_ENABLE_OBJC_ARC = YES;
				CLANG_ENABLE_OBJC_WEAK = YES;
				CLANG_WARN_BLOCK_CAPTURE_AUTORELEASING = YES;
				CLANG_WARN_BOOL_CONVERSION = YES;
				CLANG_WARN_COMMA = YES;
				CLANG_WARN_CONSTANT_CONVERSION = YES;
				CLANG_WARN_DEPRECATED_OBJC_IMPLEMENTATIONS = YES;
				CLANG_WARN_DIRECT_OBJC_ISA_USAGE = YES_ERROR;
				CLANG_WARN_DOCUMENTATION_COMMENTS = YES;
				CLANG_WARN_EMPTY_BODY = YES;
				CLANG_WARN_ENUM_CONVERSION = YES;
				CLANG_WARN_INFINITE_RECURSION = YES;
				CLANG_WARN_INT_CONVERSION = YES;
				CLANG_WARN_NON_LITERAL_NULL_CONVERSION = YES;
				CLANG_WARN_OBJC_IMPLICIT_RETAIN_SELF = YES;
				CLANG_WARN_OBJC_LITERAL_CONVERSION = YES;
				CLANG_WARN_OBJC_ROOT_CLASS = YES_ERROR;
				CLANG_WARN_QUOTED_INCLUDE_IN_FRAMEWORK_HEADER = YES;
				CLANG_WARN_RANGE_LOOP_ANALYSIS = YES;
				CLANG_WARN_STRICT_PROTOTYPES = YES;
				CLANG_WARN_SUSPICIOUS_MOVE = YES;
				CLANG_WARN_UNGUARDED_AVAILABILITY = YES_AGGRESSIVE;
				CLANG_WARN_UNREACHABLE_CODE = YES;
				CLANG_WARN__DUPLICATE_METHOD_MATCH = YES;
				COPY_PHASE_STRIP = NO;
				DEBUG_INFORMATION_FORMAT = "dwarf-with-dsym";
				ENABLE_NS_ASSERTIONS = NO;
				ENABLE_STRICT_OBJC_MSGSEND = YES;
				ENABLE_USER_SCRIPT_SANDBOXING = YES;
				GCC_C_LANGUAGE_STANDARD = gnu17;
				GCC_NO_COMMON_BLOCKS = YES;
				GCC_WARN_64_TO_32_BIT_CONVERSION = YES;
				GCC_WARN_ABOUT_RETURN_TYPE = YES_ERROR;
				GCC_WARN_UNDECLARED_SELECTOR = YES;
				GCC_WARN_UNINITIALIZED_AUTOS = YES_AGGRESSIVE;
				GCC_WARN_UNUSED_FUNCTION = YES;
				GCC_WARN_UNUSED_VARIABLE = YES;
				IPHONEOS_DEPLOYMENT_TARGET = 17.0;
				LOCALIZATION_PREFERS_STRING_CATALOGS = YES;
				MTL_ENABLE_DEBUG_INFO = NO;
				MTL_FAST_MATH = YES;
				SDKROOT = iphoneos;
				SWIFT_COMPILATION_MODE = wholemodule;
				VALIDATE_PRODUCT = YES;
			};
			name = Release;
		};
		D94D29572AD2B78E00966D13 /* Debug */ = {
			isa = XCBuildConfiguration;
			buildSettings = {
				ASSETCATALOG_COMPILER_APPICON_NAME = AppIcon;
				ASSETCATALOG_COMPILER_GLOBAL_ACCENT_COLOR_NAME = AccentColor;
				CODE_SIGN_STYLE = Automatic;
				CURRENT_PROJECT_VERSION = 1;
				DEVELOPMENT_ASSET_PATHS = "\"montra/Preview Content\"";
				DEVELOPMENT_TEAM = 95Q9256VR4;
				ENABLE_PREVIEWS = YES;
				GENERATE_INFOPLIST_FILE = YES;
				INFOPLIST_KEY_UIApplicationSceneManifest_Generation = YES;
				INFOPLIST_KEY_UIApplicationSupportsIndirectInputEvents = YES;
				INFOPLIST_KEY_UILaunchScreen_Generation = YES;
				INFOPLIST_KEY_UISupportedInterfaceOrientations_iPad = "UIInterfaceOrientationPortrait UIInterfaceOrientationPortraitUpsideDown UIInterfaceOrientationLandscapeLeft UIInterfaceOrientationLandscapeRight";
				INFOPLIST_KEY_UISupportedInterfaceOrientations_iPhone = "UIInterfaceOrientationPortrait UIInterfaceOrientationLandscapeLeft UIInterfaceOrientationLandscapeRight";
				LD_RUNPATH_SEARCH_PATHS = (
					"$(inherited)",
					"@executable_path/Frameworks",
				);
				MARKETING_VERSION = 1.0;
				PRODUCT_BUNDLE_IDENTIFIER = com.test.rp.montra;
				PRODUCT_NAME = "$(TARGET_NAME)";
				SUPPORTED_PLATFORMS = "iphoneos iphonesimulator";
				SUPPORTS_MACCATALYST = NO;
				SUPPORTS_MAC_DESIGNED_FOR_IPHONE_IPAD = NO;
				SWIFT_EMIT_LOC_STRINGS = YES;
				SWIFT_VERSION = 5.0;
				TARGETED_DEVICE_FAMILY = "1,2";
			};
			name = Debug;
		};
		D94D29582AD2B78E00966D13 /* Release */ = {
			isa = XCBuildConfiguration;
			buildSettings = {
				ASSETCATALOG_COMPILER_APPICON_NAME = AppIcon;
				ASSETCATALOG_COMPILER_GLOBAL_ACCENT_COLOR_NAME = AccentColor;
				CODE_SIGN_STYLE = Automatic;
				CURRENT_PROJECT_VERSION = 1;
				DEVELOPMENT_ASSET_PATHS = "\"montra/Preview Content\"";
				DEVELOPMENT_TEAM = 95Q9256VR4;
				ENABLE_PREVIEWS = YES;
				GENERATE_INFOPLIST_FILE = YES;
				INFOPLIST_KEY_UIApplicationSceneManifest_Generation = YES;
				INFOPLIST_KEY_UIApplicationSupportsIndirectInputEvents = YES;
				INFOPLIST_KEY_UILaunchScreen_Generation = YES;
				INFOPLIST_KEY_UISupportedInterfaceOrientations_iPad = "UIInterfaceOrientationPortrait UIInterfaceOrientationPortraitUpsideDown UIInterfaceOrientationLandscapeLeft UIInterfaceOrientationLandscapeRight";
				INFOPLIST_KEY_UISupportedInterfaceOrientations_iPhone = "UIInterfaceOrientationPortrait UIInterfaceOrientationLandscapeLeft UIInterfaceOrientationLandscapeRight";
				LD_RUNPATH_SEARCH_PATHS = (
					"$(inherited)",
					"@executable_path/Frameworks",
				);
				MARKETING_VERSION = 1.0;
				PRODUCT_BUNDLE_IDENTIFIER = com.test.rp.montra;
				PRODUCT_NAME = "$(TARGET_NAME)";
				SUPPORTED_PLATFORMS = "iphoneos iphonesimulator";
				SUPPORTS_MACCATALYST = NO;
				SUPPORTS_MAC_DESIGNED_FOR_IPHONE_IPAD = NO;
				SWIFT_EMIT_LOC_STRINGS = YES;
				SWIFT_VERSION = 5.0;
				TARGETED_DEVICE_FAMILY = "1,2";
			};
			name = Release;
		};
/* End XCBuildConfiguration section */

/* Begin XCConfigurationList section */
		D94D29432AD2B78C00966D13 /* Build configuration list for PBXProject "montra" */ = {
			isa = XCConfigurationList;
			buildConfigurations = (
				D94D29542AD2B78E00966D13 /* Debug */,
				D94D29552AD2B78E00966D13 /* Release */,
			);
			defaultConfigurationIsVisible = 0;
			defaultConfigurationName = Release;
		};
		D94D29562AD2B78E00966D13 /* Build configuration list for PBXNativeTarget "montra" */ = {
			isa = XCConfigurationList;
			buildConfigurations = (
				D94D29572AD2B78E00966D13 /* Debug */,
				D94D29582AD2B78E00966D13 /* Release */,
			);
			defaultConfigurationIsVisible = 0;
			defaultConfigurationName = Release;
		};
/* End XCConfigurationList section */

/* Begin XCRemoteSwiftPackageReference section */
		D94D29592AD2B83600966D13 /* XCRemoteSwiftPackageReference "realm-swift" */ = {
			isa = XCRemoteSwiftPackageReference;
			repositoryURL = "https://github.com/realm/realm-swift.git";
			requirement = {
				branch = master;
				kind = branch;
			};
		};
		D94D295E2AD2B88600966D13 /* XCRemoteSwiftPackageReference "Alamofire" */ = {
			isa = XCRemoteSwiftPackageReference;
			repositoryURL = "https://github.com/Alamofire/Alamofire.git";
			requirement = {
				kind = upToNextMajorVersion;
				minimumVersion = 5.8.0;
			};
		};
/* End XCRemoteSwiftPackageReference section */

/* Begin XCSwiftPackageProductDependency section */
		D94D295A2AD2B83600966D13 /* Realm */ = {
			isa = XCSwiftPackageProductDependency;
			package = D94D29592AD2B83600966D13 /* XCRemoteSwiftPackageReference "realm-swift" */;
			productName = Realm;
		};
		D94D295C2AD2B83600966D13 /* RealmSwift */ = {
			isa = XCSwiftPackageProductDependency;
			package = D94D29592AD2B83600966D13 /* XCRemoteSwiftPackageReference "realm-swift" */;
			productName = RealmSwift;
		};
		D94D295F2AD2B88600966D13 /* Alamofire */ = {
			isa = XCSwiftPackageProductDependency;
			package = D94D295E2AD2B88600966D13 /* XCRemoteSwiftPackageReference "Alamofire" */;
			productName = Alamofire;
		};
/* End XCSwiftPackageProductDependency section */
	};
	rootObject = D94D29402AD2B78C00966D13 /* Project object */;
}
